
Microsoft Visual Studio Solution File, Format Version 12.00
# Visual Studio 15
VisualStudioVersion = 15.0.27004.2006
MinimumVisualStudioVersion = 10.0.40219.1
Project("{FAE04EC0-301F-11D3-BF4B-00C04F79EFBC}") = "Airrport", "Airrport\Airrport.csproj", "{B854BF6E-2231-4358-BBD9-1137374CF8B5}"
EndProject
Global
	GlobalSection(SolutionConfigurationPlatforms) = preSolution
		Debug|Any CPU = Debug|Any CPU
		Release|Any CPU = Release|Any CPU
	EndGlobalSection
	GlobalSection(ProjectConfigurationPlatforms) = postSolution
		{B854BF6E-2231-4358-BBD9-1137374CF8B5}.Debug|Any CPU.ActiveCfg = Debug|Any CPU
		{B854BF6E-2231-4358-BBD9-1137374CF8B5}.Debug|Any CPU.Build.0 = Debug|Any CPU
		{B854BF6E-2231-4358-BBD9-1137374CF8B5}.Release|Any CPU.ActiveCfg = Release|Any CPU
		{B854BF6E-2231-4358-BBD9-1137374CF8B5}.Release|Any CPU.Build.0 = Release|Any CPU
	EndGlobalSection
	GlobalSection(SolutionProperties) = preSolution
		HideSolutionNode = FALSE
	EndGlobalSection
	GlobalSection(ExtensibilityGlobals) = postSolution
		SolutionGuid = {B833267B-BF87-40AC-B698-0B72E5083B87}
	EndGlobalSection
EndGlobal
